
Microsoft Visual Studio Solution File, Format Version 12.00
Project("{FAE04EC0-301F-11D3-BF4B-00C04F79EFBC}") = "Laklp.Platform", "Laklp.SPA\BackEnd\Laklp.Platform.csproj", "{20937356-7139-43BF-98DD-33A21BFA639A}"
EndProject
Project("{FAE04EC0-301F-11D3-BF4B-00C04F79EFBC}") = "Laklp.Platform.Data", "Laklp.Platform.Data\Laklp.Platform.Data.csproj", "{8A193DF1-17E7-4A79-BB79-C7044F05F242}"
EndProject
Global
	GlobalSection(SolutionConfigurationPlatforms) = preSolution
		Debug|Any CPU = Debug|Any CPU
		Release|Any CPU = Release|Any CPU
	EndGlobalSection
	GlobalSection(ProjectConfigurationPlatforms) = postSolution
		{20937356-7139-43BF-98DD-33A21BFA639A}.Debug|Any CPU.ActiveCfg = Debug|Any CPU
		{20937356-7139-43BF-98DD-33A21BFA639A}.Debug|Any CPU.Build.0 = Debug|Any CPU
		{20937356-7139-43BF-98DD-33A21BFA639A}.Release|Any CPU.ActiveCfg = Release|Any CPU
		{20937356-7139-43BF-98DD-33A21BFA639A}.Release|Any CPU.Build.0 = Release|Any CPU
		{8A193DF1-17E7-4A79-BB79-C7044F05F242}.Debug|Any CPU.ActiveCfg = Debug|Any CPU
		{8A193DF1-17E7-4A79-BB79-C7044F05F242}.Debug|Any CPU.Build.0 = Debug|Any CPU
		{8A193DF1-17E7-4A79-BB79-C7044F05F242}.Release|Any CPU.ActiveCfg = Release|Any CPU
		{8A193DF1-17E7-4A79-BB79-C7044F05F242}.Release|Any CPU.Build.0 = Release|Any CPU
	EndGlobalSection
EndGlobal
